
Microsoft Visual Studio Solution File, Format Version 12.00
# Visual Studio Version 16
VisualStudioVersion = 16.0.30204.135
MinimumVisualStudioVersion = 10.0.40219.1
Project("{FAE04EC0-301F-11D3-BF4B-00C04F79EFBC}") = "Observer", "Observer\Observer.csproj", "{AD0B83FB-22E4-4280-919C-34235E7AA7D8}"
EndProject
Global
	GlobalSection(SolutionConfigurationPlatforms) = preSolution
		Debug|Any CPU = Debug|Any CPU
		Release|Any CPU = Release|Any CPU
	EndGlobalSection
	GlobalSection(ProjectConfigurationPlatforms) = postSolution
		{AD0B83FB-22E4-4280-919C-34235E7AA7D8}.Debug|Any CPU.ActiveCfg = Debug|Any CPU
		{AD0B83FB-22E4-4280-919C-34235E7AA7D8}.Debug|Any CPU.Build.0 = Debug|Any CPU
		{AD0B83FB-22E4-4280-919C-34235E7AA7D8}.Release|Any CPU.ActiveCfg = Release|Any CPU
		{AD0B83FB-22E4-4280-919C-34235E7AA7D8}.Release|Any CPU.Build.0 = Release|Any CPU
	EndGlobalSection
	GlobalSection(SolutionProperties) = preSolution
		HideSolutionNode = FALSE
	EndGlobalSection
	GlobalSection(ExtensibilityGlobals) = postSolution
		SolutionGuid = {5FE89BCD-4160-42E8-B0A2-C730CBCEB7F6}
	EndGlobalSection
EndGlobal
