
Microsoft Visual Studio Solution File, Format Version 12.00
# Visual Studio Version 16
VisualStudioVersion = 16.0.30204.135
MinimumVisualStudioVersion = 10.0.40219.1
Project("{FAE04EC0-301F-11D3-BF4B-00C04F79EFBC}") = "Assignment4Flyweight", "Assignment4Flyweight\Assignment4Flyweight.csproj", "{E19EE00B-63CB-40A4-B93C-A46AA6656B25}"
EndProject
Global
	GlobalSection(SolutionConfigurationPlatforms) = preSolution
		Debug|Any CPU = Debug|Any CPU
		Release|Any CPU = Release|Any CPU
	EndGlobalSection
	GlobalSection(ProjectConfigurationPlatforms) = postSolution
		{E19EE00B-63CB-40A4-B93C-A46AA6656B25}.Debug|Any CPU.ActiveCfg = Debug|Any CPU
		{E19EE00B-63CB-40A4-B93C-A46AA6656B25}.Debug|Any CPU.Build.0 = Debug|Any CPU
		{E19EE00B-63CB-40A4-B93C-A46AA6656B25}.Release|Any CPU.ActiveCfg = Release|Any CPU
		{E19EE00B-63CB-40A4-B93C-A46AA6656B25}.Release|Any CPU.Build.0 = Release|Any CPU
	EndGlobalSection
	GlobalSection(SolutionProperties) = preSolution
		HideSolutionNode = FALSE
	EndGlobalSection
	GlobalSection(ExtensibilityGlobals) = postSolution
		SolutionGuid = {16BC8DB2-1FA1-4BAF-8B1A-AD90F9D9158C}
	EndGlobalSection
EndGlobal
