
Microsoft Visual Studio Solution File, Format Version 12.00
# Visual Studio Version 16
VisualStudioVersion = 16.0.30204.135
MinimumVisualStudioVersion = 10.0.40219.1
Project("{FAE04EC0-301F-11D3-BF4B-00C04F79EFBC}") = "CompositeDemo", "CompositeDemo\CompositeDemo.csproj", "{AB26DF8A-6D51-4866-A761-270D90066209}"
EndProject
Global
	GlobalSection(SolutionConfigurationPlatforms) = preSolution
		Debug|Any CPU = Debug|Any CPU
		Release|Any CPU = Release|Any CPU
	EndGlobalSection
	GlobalSection(ProjectConfigurationPlatforms) = postSolution
		{AB26DF8A-6D51-4866-A761-270D90066209}.Debug|Any CPU.ActiveCfg = Debug|Any CPU
		{AB26DF8A-6D51-4866-A761-270D90066209}.Debug|Any CPU.Build.0 = Debug|Any CPU
		{AB26DF8A-6D51-4866-A761-270D90066209}.Release|Any CPU.ActiveCfg = Release|Any CPU
		{AB26DF8A-6D51-4866-A761-270D90066209}.Release|Any CPU.Build.0 = Release|Any CPU
	EndGlobalSection
	GlobalSection(SolutionProperties) = preSolution
		HideSolutionNode = FALSE
	EndGlobalSection
	GlobalSection(ExtensibilityGlobals) = postSolution
		SolutionGuid = {0CF315CB-80AC-484D-8E11-FAA915797FC3}
	EndGlobalSection
EndGlobal
